// !$*UTF8*$!
{
	archiveVersion = 1;
	classes = {
	};
	objectVersion = 56;
	objects = {

/* Begin PBXBuildFile section */
		D574FF8F2B0C057A00841EB4 /* AppDelegate.swift in Sources */ = {isa = PBXBuildFile; fileRef = D574FF8E2B0C057A00841EB4 /* AppDelegate.swift */; };
		D574FF912B0C057A00841EB4 /* SceneDelegate.swift in Sources */ = {isa = PBXBuildFile; fileRef = D574FF902B0C057A00841EB4 /* SceneDelegate.swift */; };
		D574FF932B0C057A00841EB4 /* ViewController.swift in Sources */ = {isa = PBXBuildFile; fileRef = D574FF922B0C057A00841EB4 /* ViewController.swift */; };
		D574FF962B0C057A00841EB4 /* Main.storyboard in Resources */ = {isa = PBXBuildFile; fileRef = D574FF942B0C057A00841EB4 /* Main.storyboard */; };
		D574FF992B0C057A00841EB4 /* Rotation.xcdatamodeld in Sources */ = {isa = PBXBuildFile; fileRef = D574FF972B0C057A00841EB4 /* Rotation.xcdatamodeld */; };
		D574FF9B2B0C057B00841EB4 /* Assets.xcassets in Resources */ = {isa = PBXBuildFile; fileRef = D574FF9A2B0C057B00841EB4 /* Assets.xcassets */; };
		D574FF9E2B0C057B00841EB4 /* LaunchScreen.storyboard in Resources */ = {isa = PBXBuildFile; fileRef = D574FF9C2B0C057B00841EB4 /* LaunchScreen.storyboard */; };
/* End PBXBuildFile section */

/* Begin PBXFileReference section */
		D574FF8B2B0C057A00841EB4 /* Rotation.app */ = {isa = PBXFileReference; explicitFileType = wrapper.application; includeInIndex = 0; path = Rotation.app; sourceTree = BUILT_PRODUCTS_DIR; };
		D574FF8E2B0C057A00841EB4 /* AppDelegate.swift */ = {isa = PBXFileReference; lastKnownFileType = sourcecode.swift; path = AppDelegate.swift; sourceTree = "<group>"; };
		D574FF902B0C057A00841EB4 /* SceneDelegate.swift */ = {isa = PBXFileReference; lastKnownFileType = sourcecode.swift; path = SceneDelegate.swift; sourceTree = "<group>"; };
		D574FF922B0C057A00841EB4 /* ViewController.swift */ = {isa = PBXFileReference; lastKnownFileType = sourcecode.swift; path = ViewController.swift; sourceTree = "<group>"; };
		D574FF952B0C057A00841EB4 /* Base */ = {isa = PBXFileReference; lastKnownFileType = file.storyboard; name = Base; path = Base.lproj/Main.storyboard; sourceTree = "<group>"; };
		D574FF982B0C057A00841EB4 /* Rotation.xcdatamodel */ = {isa = PBXFileReference; lastKnownFileType = wrapper.xcdatamodel; path = Rotation.xcdatamodel; sourceTree = "<group>"; };
		D574FF9A2B0C057B00841EB4 /* Assets.xcassets */ = {isa = PBXFileReference; lastKnownFileType = folder.assetcatalog; path = Assets.xcassets; sourceTree = "<group>"; };
		D574FF9D2B0C057B00841EB4 /* Base */ = {isa = PBXFileReference; lastKnownFileType = file.storyboard; name = Base; path = Base.lproj/LaunchScreen.storyboard; sourceTree = "<group>"; };
		D574FF9F2B0C057B00841EB4 /* Info.plist */ = {isa = PBXFileReference; lastKnownFileType = text.plist.xml; path = Info.plist; sourceTree = "<group>"; };
/* End PBXFileReference section */

/* Begin PBXFrameworksBuildPhase section */
		D574FF882B0C057A00841EB4 /* Frameworks */ = {
			isa = PBXFrameworksBuildPhase;
			buildActionMask = 2147483647;
			files = (
			);
			runOnlyForDeploymentPostprocessing = 0;
		};
/* End PBXFrameworksBuildPhase section */

/* Begin PBXGroup section */
		D574FF822B0C057A00841EB4 = {
			isa = PBXGroup;
			children = (
				D574FF8D2B0C057A00841EB4 /* Rotation */,
				D574FF8C2B0C057A00841EB4 /* Products */,
			);
			sourceTree = "<group>";
		};
		D574FF8C2B0C057A00841EB4 /* Products */ = {
			isa = PBXGroup;
			children = (
				D574FF8B2B0C057A00841EB4 /* Rotation.app */,
			);
			name = Products;
			sourceTree = "<group>";
		};
		D574FF8D2B0C057A00841EB4 /* Rotation */ = {
			isa = PBXGroup;
			children = (
				D574FF8E2B0C057A00841EB4 /* AppDelegate.swift */,
				D574FF902B0C057A00841EB4 /* SceneDelegate.swift */,
				D574FF922B0C057A00841EB4 /* ViewController.swift */,
				D574FF942B0C057A00841EB4 /* Main.storyboard */,
				D574FF9A2B0C057B00841EB4 /* Assets.xcassets */,
				D574FF9C2B0C057B00841EB4 /* LaunchScreen.storyboard */,
				D574FF9F2B0C057B00841EB4 /* Info.plist */,
				D574FF972B0C057A00841EB4 /* Rotation.xcdatamodeld */,
			);
			path = Rotation;
			sourceTree = "<group>";
		};
/* End PBXGroup section */

/* Begin PBXNativeTarget section */
		D574FF8A2B0C057A00841EB4 /* Rotation */ = {
			isa = PBXNativeTarget;
			buildConfigurationList = D574FFA22B0C057B00841EB4 /* Build configuration list for PBXNativeTarget "Rotation" */;
			buildPhases = (
				D574FF872B0C057A00841EB4 /* Sources */,
				D574FF882B0C057A00841EB4 /* Frameworks */,
				D574FF892B0C057A00841EB4 /* Resources */,
			);
			buildRules = (
			);
			dependencies = (
			);
			name = Rotation;
			productName = Rotation;
			productReference = D574FF8B2B0C057A00841EB4 /* Rotation.app */;
			productType = "com.apple.product-type.application";
		};
/* End PBXNativeTarget section */

/* Begin PBXProject section */
		D574FF832B0C057A00841EB4 /* Project object */ = {
			isa = PBXProject;
			attributes = {
				BuildIndependentTargetsInParallel = 1;
				LastSwiftUpdateCheck = 1430;
				LastUpgradeCheck = 1430;
				TargetAttributes = {
					D574FF8A2B0C057A00841EB4 = {
						CreatedOnToolsVersion = 14.3.1;
					};
				};
			};
			buildConfigurationList = D574FF862B0C057A00841EB4 /* Build configuration list for PBXProject "Rotation" */;
			compatibilityVersion = "Xcode 14.0";
			developmentRegion = en;
			hasScannedForEncodings = 0;
			knownRegions = (
				en,
				Base,
			);
			mainGroup = D574FF822B0C057A00841EB4;
			productRefGroup = D574FF8C2B0C057A00841EB4 /* Products */;
			projectDirPath = "";
			projectRoot = "";
			targets = (
				D574FF8A2B0C057A00841EB4 /* Rotation */,
			);
		};
/* End PBXProject section */

/* Begin PBXResourcesBuildPhase section */
		D574FF892B0C057A00841EB4 /* Resources */ = {
			isa = PBXResourcesBuildPhase;
			buildActionMask = 2147483647;
			files = (
				D574FF9E2B0C057B00841EB4 /* LaunchScreen.storyboard in Resources */,
				D574FF9B2B0C057B00841EB4 /* Assets.xcassets in Resources */,
				D574FF962B0C057A00841EB4 /* Main.storyboard in Resources */,
			);
			runOnlyForDeploymentPostprocessing = 0;
		};
/* End PBXResourcesBuildPhase section */

/* Begin PBXSourcesBuildPhase section */
		D574FF872B0C057A00841EB4 /* Sources */ = {
			isa = PBXSourcesBuildPhase;
			buildActionMask = 2147483647;
			files = (
				D574FF932B0C057A00841EB4 /* ViewController.swift in Sources */,
				D574FF992B0C057A00841EB4 /* Rotation.xcdatamodeld in Sources */,
				D574FF8F2B0C057A00841EB4 /* AppDelegate.swift in Sources */,
				D574FF912B0C057A00841EB4 /* SceneDelegate.swift in Sources */,
			);
			runOnlyForDeploymentPostprocessing = 0;
		};
/* End PBXSourcesBuildPhase section */

/* Begin PBXVariantGroup section */
		D574FF942B0C057A00841EB4 /* Main.storyboard */ = {
			isa = PBXVariantGroup;
			children = (
				D574FF952B0C057A00841EB4 /* Base */,
			);
			name = Main.storyboard;
			sourceTree = "<group>";
		};
		D574FF9C2B0C057B00841EB4 /* LaunchScreen.storyboard */ = {
			isa = PBXVariantGroup;
			children = (
				D574FF9D2B0C057B00841EB4 /* Base */,
			);
			name = LaunchScreen.storyboard;
			sourceTree = "<group>";
		};
/* End PBXVariantGroup section */

/* Begin XCBuildConfiguration section */
		D574FFA02B0C057B00841EB4 /* Debug */ = {
			isa = XCBuildConfiguration;
			buildSettings = {
				ALWAYS_SEARCH_USER_PATHS = NO;
				CLANG_ANALYZER_NONNULL = YES;
				CLANG_ANALYZER_NUMBER_OBJECT_CONVERSION = YES_AGGRESSIVE;
				CLANG_CXX_LANGUAGE_STANDARD = "gnu++20";
				CLANG_ENABLE_MODULES = YES;
				CLANG_ENABLE_OBJC_ARC = YES;
				CLANG_ENABLE_OBJC_WEAK = YES;
				CLANG_WARN_BLOCK_CAPTURE_AUTORELEASING = YES;
				CLANG_WARN_BOOL_CONVERSION = YES;
				CLANG_WARN_COMMA = YES;
				CLANG_WARN_CONSTANT_CONVERSION = YES;
				CLANG_WARN_DEPRECATED_OBJC_IMPLEMENTATIONS = YES;
				CLANG_WARN_DIRECT_OBJC_ISA_USAGE = YES_ERROR;
				CLANG_WARN_DOCUMENTATION_COMMENTS = YES;
				CLANG_WARN_EMPTY_BODY = YES;
				CLANG_WARN_ENUM_CONVERSION = YES;
				CLANG_WARN_INFINITE_RECURSION = YES;
				CLANG_WARN_INT_CONVERSION = YES;
				CLANG_WARN_NON_LITERAL_NULL_CONVERSION = YES;
				CLANG_WARN_OBJC_IMPLICIT_RETAIN_SELF = YES;
				CLANG_WARN_OBJC_LITERAL_CONVERSION = YES;
				CLANG_WARN_OBJC_ROOT_CLASS = YES_ERROR;
				CLANG_WARN_QUOTED_INCLUDE_IN_FRAMEWORK_HEADER = YES;
				CLANG_WARN_RANGE_LOOP_ANALYSIS = YES;
				CLANG_WARN_STRICT_PROTOTYPES = YES;
				CLANG_WARN_SUSPICIOUS_MOVE = YES;
				CLANG_WARN_UNGUARDED_AVAILABILITY = YES_AGGRESSIVE;
				CLANG_WARN_UNREACHABLE_CODE = YES;
				CLANG_WARN__DUPLICATE_METHOD_MATCH = YES;
				COPY_PHASE_STRIP = NO;
				DEBUG_INFORMATION_FORMAT = dwarf;
				ENABLE_STRICT_OBJC_MSGSEND = YES;
				ENABLE_TESTABILITY = YES;
				GCC_C_LANGUAGE_STANDARD = gnu11;
				GCC_DYNAMIC_NO_PIC = NO;
				GCC_NO_COMMON_BLOCKS = YES;
				GCC_OPTIMIZATION_LEVEL = 0;
				GCC_PREPROCESSOR_DEFINITIONS = (
					"DEBUG=1",
					"$(inherited)",
				);
				GCC_WARN_64_TO_32_BIT_CONVERSION = YES;
				GCC_WARN_ABOUT_RETURN_TYPE = YES_ERROR;
				GCC_WARN_UNDECLARED_SELECTOR = YES;
				GCC_WARN_UNINITIALIZED_AUTOS = YES_AGGRESSIVE;
				GCC_WARN_UNUSED_FUNCTION = YES;
				GCC_WARN_UNUSED_VARIABLE = YES;
				IPHONEOS_DEPLOYMENT_TARGET = 16.4;
				MTL_ENABLE_DEBUG_INFO = INCLUDE_SOURCE;
				MTL_FAST_MATH = YES;
				ONLY_ACTIVE_ARCH = YES;
				SDKROOT = iphoneos;
				SWIFT_ACTIVE_COMPILATION_CONDITIONS = DEBUG;
				SWIFT_OPTIMIZATION_LEVEL = "-Onone";
			};
			name = Debug;
		};
		D574FFA12B0C057B00841EB4 /* Release */ = {
			isa = XCBuildConfiguration;
			buildSettings = {
				ALWAYS_SEARCH_USER_PATHS = NO;
				CLANG_ANALYZER_NONNULL = YES;
				CLANG_ANALYZER_NUMBER_OBJECT_CONVERSION = YES_AGGRESSIVE;
				CLANG_CXX_LANGUAGE_STANDARD = "gnu++20";
				CLANG_ENABLE_MODULES = YES;
				CLANG_ENABLE_OBJC_ARC = YES;
				CLANG_ENABLE_OBJC_WEAK = YES;
				CLANG_WARN_BLOCK_CAPTURE_AUTORELEASING = YES;
				CLANG_WARN_BOOL_CONVERSION = YES;
				CLANG_WARN_COMMA = YES;
				CLANG_WARN_CONSTANT_CONVERSION = YES;
				CLANG_WARN_DEPRECATED_OBJC_IMPLEMENTATIONS = YES;
				CLANG_WARN_DIRECT_OBJC_ISA_USAGE = YES_ERROR;
				CLANG_WARN_DOCUMENTATION_COMMENTS = YES;
				CLANG_WARN_EMPTY_BODY = YES;
				CLANG_WARN_ENUM_CONVERSION = YES;
				CLANG_WARN_INFINITE_RECURSION = YES;
				CLANG_WARN_INT_CONVERSION = YES;
				CLANG_WARN_NON_LITERAL_NULL_CONVERSION = YES;
				CLANG_WARN_OBJC_IMPLICIT_RETAIN_SELF = YES;
				CLANG_WARN_OBJC_LITERAL_CONVERSION = YES;
				CLANG_WARN_OBJC_ROOT_CLASS = YES_ERROR;
				CLANG_WARN_QUOTED_INCLUDE_IN_FRAMEWORK_HEADER = YES;
				CLANG_WARN_RANGE_LOOP_ANALYSIS = YES;
				CLANG_WARN_STRICT_PROTOTYPES = YES;
				CLANG_WARN_SUSPICIOUS_MOVE = YES;
				CLANG_WARN_UNGUARDED_AVAILABILITY = YES_AGGRESSIVE;
				CLANG_WARN_UNREACHABLE_CODE = YES;
				CLANG_WARN__DUPLICATE_METHOD_MATCH = YES;
				COPY_PHASE_STRIP = NO;
				DEBUG_INFORMATION_FORMAT = "dwarf-with-dsym";
				ENABLE_NS_ASSERTIONS = NO;
				ENABLE_STRICT_OBJC_MSGSEND = YES;
				GCC_C_LANGUAGE_STANDARD = gnu11;
				GCC_NO_COMMON_BLOCKS = YES;
				GCC_WARN_64_TO_32_BIT_CONVERSION = YES;
				GCC_WARN_ABOUT_RETURN_TYPE = YES_ERROR;
				GCC_WARN_UNDECLARED_SELECTOR = YES;
				GCC_WARN_UNINITIALIZED_AUTOS = YES_AGGRESSIVE;
				GCC_WARN_UNUSED_FUNCTION = YES;
				GCC_WARN_UNUSED_VARIABLE = YES;
				IPHONEOS_DEPLOYMENT_TARGET = 16.4;
				MTL_ENABLE_DEBUG_INFO = NO;
				MTL_FAST_MATH = YES;
				SDKROOT = iphoneos;
				SWIFT_COMPILATION_MODE = wholemodule;
				SWIFT_OPTIMIZATION_LEVEL = "-O";
				VALIDATE_PRODUCT = YES;
			};
			name = Release;
		};
		D574FFA32B0C057B00841EB4 /* Debug */ = {
			isa = XCBuildConfiguration;
			buildSettings = {
				ASSETCATALOG_COMPILER_APPICON_NAME = AppIcon;
				ASSETCATALOG_COMPILER_GLOBAL_ACCENT_COLOR_NAME = AccentColor;
				CODE_SIGN_STYLE = Automatic;
				CURRENT_PROJECT_VERSION = 1;
				DEVELOPMENT_TEAM = 34C33RR752;
				GENERATE_INFOPLIST_FILE = YES;
				INFOPLIST_FILE = Rotation/Info.plist;
				INFOPLIST_KEY_UIApplicationSupportsIndirectInputEvents = YES;
				INFOPLIST_KEY_UILaunchStoryboardName = LaunchScreen;
				INFOPLIST_KEY_UIMainStoryboardFile = Main;
				INFOPLIST_KEY_UISupportedInterfaceOrientations_iPad = "UIInterfaceOrientationPortrait UIInterfaceOrientationPortraitUpsideDown UIInterfaceOrientationLandscapeLeft UIInterfaceOrientationLandscapeRight";
				INFOPLIST_KEY_UISupportedInterfaceOrientations_iPhone = "UIInterfaceOrientationPortrait UIInterfaceOrientationLandscapeLeft UIInterfaceOrientationLandscapeRight";
				LD_RUNPATH_SEARCH_PATHS = (
					"$(inherited)",
					"@executable_path/Frameworks",
				);
				MARKETING_VERSION = 1.0;
				PRODUCT_BUNDLE_IDENTIFIER = athyk213.Rotation;
				PRODUCT_NAME = "$(TARGET_NAME)";
				SWIFT_EMIT_LOC_STRINGS = YES;
				SWIFT_VERSION = 5.0;
				TARGETED_DEVICE_FAMILY = "1,2";
			};
			name = Debug;
		};
		D574FFA42B0C057B00841EB4 /* Release */ = {
			isa = XCBuildConfiguration;
			buildSettings = {
				ASSETCATALOG_COMPILER_APPICON_NAME = AppIcon;
				ASSETCATALOG_COMPILER_GLOBAL_ACCENT_COLOR_NAME = AccentColor;
				CODE_SIGN_STYLE = Automatic;
				CURRENT_PROJECT_VERSION = 1;
				DEVELOPMENT_TEAM = 34C33RR752;
				GENERATE_INFOPLIST_FILE = YES;
				INFOPLIST_FILE = Rotation/Info.plist;
				INFOPLIST_KEY_UIApplicationSupportsIndirectInputEvents = YES;
				INFOPLIST_KEY_UILaunchStoryboardName = LaunchScreen;
				INFOPLIST_KEY_UIMainStoryboardFile = Main;
				INFOPLIST_KEY_UISupportedInterfaceOrientations_iPad = "UIInterfaceOrientationPortrait UIInterfaceOrientationPortraitUpsideDown UIInterfaceOrientationLandscapeLeft UIInterfaceOrientationLandscapeRight";
				INFOPLIST_KEY_UISupportedInterfaceOrientations_iPhone = "UIInterfaceOrientationPortrait UIInterfaceOrientationLandscapeLeft UIInterfaceOrientationLandscapeRight";
				LD_RUNPATH_SEARCH_PATHS = (
					"$(inherited)",
					"@executable_path/Frameworks",
				);
				MARKETING_VERSION = 1.0;
				PRODUCT_BUNDLE_IDENTIFIER = athyk213.Rotation;
				PRODUCT_NAME = "$(TARGET_NAME)";
				SWIFT_EMIT_LOC_STRINGS = YES;
				SWIFT_VERSION = 5.0;
				TARGETED_DEVICE_FAMILY = "1,2";
			};
			name = Release;
		};
/* End XCBuildConfiguration section */

/* Begin XCConfigurationList section */
		D574FF862B0C057A00841EB4 /* Build configuration list for PBXProject "Rotation" */ = {
			isa = XCConfigurationList;
			buildConfigurations = (
				D574FFA02B0C057B00841EB4 /* Debug */,
				D574FFA12B0C057B00841EB4 /* Release */,
			);
			defaultConfigurationIsVisible = 0;
			defaultConfigurationName = Release;
		};
		D574FFA22B0C057B00841EB4 /* Build configuration list for PBXNativeTarget "Rotation" */ = {
			isa = XCConfigurationList;
			buildConfigurations = (
				D574FFA32B0C057B00841EB4 /* Debug */,
				D574FFA42B0C057B00841EB4 /* Release */,
			);
			defaultConfigurationIsVisible = 0;
			defaultConfigurationName = Release;
		};
/* End XCConfigurationList section */

/* Begin XCVersionGroup section */
		D574FF972B0C057A00841EB4 /* Rotation.xcdatamodeld */ = {
			isa = XCVersionGroup;
			children = (
				D574FF982B0C057A00841EB4 /* Rotation.xcdatamodel */,
			);
			currentVersion = D574FF982B0C057A00841EB4 /* Rotation.xcdatamodel */;
			path = Rotation.xcdatamodeld;
			sourceTree = "<group>";
			versionGroupType = wrapper.xcdatamodel;
		};
/* End XCVersionGroup section */
	};
	rootObject = D574FF832B0C057A00841EB4 /* Project object */;
}
